
Microsoft Visual Studio Solution File, Format Version 12.00
# Visual Studio 2012
Project("{FAE04EC0-301F-11D3-BF4B-00C04F79EFBC}") = "Pewpew.BrainMood.Stereo", "Pewpew.BrainMood.Stereo\Pewpew.BrainMood.Stereo.csproj", "{E18A66BE-B82A-4A76-B8FE-6E235EAABF42}"
EndProject
Project("{FAE04EC0-301F-11D3-BF4B-00C04F79EFBC}") = "Pewpew.BrainMood.Services", "Pewpew.BrainMood.Services\Pewpew.BrainMood.Services.csproj", "{04E074B4-7DE2-4E26-9240-7EE4EB10A35F}"
EndProject
Project("{FAE04EC0-301F-11D3-BF4B-00C04F79EFBC}") = "Pewpew.BrainMood.DataManagement", "Pewpew.BrainMood.DataManagement\Pewpew.BrainMood.DataManagement.csproj", "{9CD3B488-BCDA-434E-ACE3-DB4973B8BEB6}"
EndProject
Project("{FAE04EC0-301F-11D3-BF4B-00C04F79EFBC}") = "Pewpew.BrainMood.ObjectModel", "Pewpew.BrainMood.ObjectModel\Pewpew.BrainMood.ObjectModel.csproj", "{9947505A-7DF2-4802-8687-37DEEB8F19FF}"
EndProject
Project("{FAE04EC0-301F-11D3-BF4B-00C04F79EFBC}") = "Pewpew.BrainMood.Simulator", "Pewpew.BrainMood.Simulator\Pewpew.BrainMood.Simulator.csproj", "{1C9A44AB-9A51-4677-BCA1-726E47E91577}"
EndProject
Global
	GlobalSection(SolutionConfigurationPlatforms) = preSolution
		Debug|Any CPU = Debug|Any CPU
		Release|Any CPU = Release|Any CPU
	EndGlobalSection
	GlobalSection(ProjectConfigurationPlatforms) = postSolution
		{E18A66BE-B82A-4A76-B8FE-6E235EAABF42}.Debug|Any CPU.ActiveCfg = Debug|Any CPU
		{E18A66BE-B82A-4A76-B8FE-6E235EAABF42}.Debug|Any CPU.Build.0 = Debug|Any CPU
		{E18A66BE-B82A-4A76-B8FE-6E235EAABF42}.Release|Any CPU.ActiveCfg = Release|Any CPU
		{E18A66BE-B82A-4A76-B8FE-6E235EAABF42}.Release|Any CPU.Build.0 = Release|Any CPU
		{04E074B4-7DE2-4E26-9240-7EE4EB10A35F}.Debug|Any CPU.ActiveCfg = Debug|Any CPU
		{04E074B4-7DE2-4E26-9240-7EE4EB10A35F}.Debug|Any CPU.Build.0 = Debug|Any CPU
		{04E074B4-7DE2-4E26-9240-7EE4EB10A35F}.Release|Any CPU.ActiveCfg = Release|Any CPU
		{04E074B4-7DE2-4E26-9240-7EE4EB10A35F}.Release|Any CPU.Build.0 = Release|Any CPU
		{9CD3B488-BCDA-434E-ACE3-DB4973B8BEB6}.Debug|Any CPU.ActiveCfg = Debug|Any CPU
		{9CD3B488-BCDA-434E-ACE3-DB4973B8BEB6}.Debug|Any CPU.Build.0 = Debug|Any CPU
		{9CD3B488-BCDA-434E-ACE3-DB4973B8BEB6}.Release|Any CPU.ActiveCfg = Release|Any CPU
		{9CD3B488-BCDA-434E-ACE3-DB4973B8BEB6}.Release|Any CPU.Build.0 = Release|Any CPU
		{9947505A-7DF2-4802-8687-37DEEB8F19FF}.Debug|Any CPU.ActiveCfg = Debug|Any CPU
		{9947505A-7DF2-4802-8687-37DEEB8F19FF}.Debug|Any CPU.Build.0 = Debug|Any CPU
		{9947505A-7DF2-4802-8687-37DEEB8F19FF}.Release|Any CPU.ActiveCfg = Release|Any CPU
		{9947505A-7DF2-4802-8687-37DEEB8F19FF}.Release|Any CPU.Build.0 = Release|Any CPU
		{1C9A44AB-9A51-4677-BCA1-726E47E91577}.Debug|Any CPU.ActiveCfg = Debug|Any CPU
		{1C9A44AB-9A51-4677-BCA1-726E47E91577}.Debug|Any CPU.Build.0 = Debug|Any CPU
		{1C9A44AB-9A51-4677-BCA1-726E47E91577}.Release|Any CPU.ActiveCfg = Release|Any CPU
		{1C9A44AB-9A51-4677-BCA1-726E47E91577}.Release|Any CPU.Build.0 = Release|Any CPU
	EndGlobalSection
	GlobalSection(SolutionProperties) = preSolution
		HideSolutionNode = FALSE
	EndGlobalSection
EndGlobal
